
Microsoft Visual Studio Solution File, Format Version 12.00
# Visual Studio Version 16
VisualStudioVersion = 16.0.30907.101
MinimumVisualStudioVersion = 10.0.40219.1
Project("{FAE04EC0-301F-11D3-BF4B-00C04F79EFBC}") = "MyDictionary", "MyDictionary\MyDictionary.csproj", "{E4CDA2F8-B9BB-4754-80F9-D6AACB5B9333}"
EndProject
Global
	GlobalSection(SolutionConfigurationPlatforms) = preSolution
		Debug|Any CPU = Debug|Any CPU
		Release|Any CPU = Release|Any CPU
	EndGlobalSection
	GlobalSection(ProjectConfigurationPlatforms) = postSolution
		{E4CDA2F8-B9BB-4754-80F9-D6AACB5B9333}.Debug|Any CPU.ActiveCfg = Debug|Any CPU
		{E4CDA2F8-B9BB-4754-80F9-D6AACB5B9333}.Debug|Any CPU.Build.0 = Debug|Any CPU
		{E4CDA2F8-B9BB-4754-80F9-D6AACB5B9333}.Release|Any CPU.ActiveCfg = Release|Any CPU
		{E4CDA2F8-B9BB-4754-80F9-D6AACB5B9333}.Release|Any CPU.Build.0 = Release|Any CPU
	EndGlobalSection
	GlobalSection(SolutionProperties) = preSolution
		HideSolutionNode = FALSE
	EndGlobalSection
	GlobalSection(ExtensibilityGlobals) = postSolution
		SolutionGuid = {4C54EC54-859E-468A-8BCA-DE90B3397B89}
	EndGlobalSection
EndGlobal
